{
  "pins" : [
    {
      "identity" : "sdwebimage",
      "kind" : "remoteSourceControl",
      "location" : "https://github.com/SDWebImage/SDWebImage.git",
      "state" : {
        "branch" : "master",
        "revision" : "3565eb10185fbda132cbbc48742f346b74453c66"
      }
    }
  ],
  "version" : 2
}
